
Microsoft Visual Studio Solution File, Format Version 12.00
# Visual Studio Version 16
VisualStudioVersion = 16.0.31205.134
MinimumVisualStudioVersion = 10.0.40219.1
Project("{FAE04EC0-301F-11D3-BF4B-00C04F79EFBC}") = "weather station", "weather station\weather station.csproj", "{945D69C2-95A8-470A-8D40-6B6D95D1808A}"
EndProject
Project("{FAE04EC0-301F-11D3-BF4B-00C04F79EFBC}") = "Observer", "Observer\Observer.csproj", "{6DAA7611-3B25-4876-A7D1-26EC6C9122B8}"
EndProject
Global
	GlobalSection(SolutionConfigurationPlatforms) = preSolution
		Debug|Any CPU = Debug|Any CPU
		Release|Any CPU = Release|Any CPU
	EndGlobalSection
	GlobalSection(ProjectConfigurationPlatforms) = postSolution
		{945D69C2-95A8-470A-8D40-6B6D95D1808A}.Debug|Any CPU.ActiveCfg = Debug|Any CPU
		{945D69C2-95A8-470A-8D40-6B6D95D1808A}.Debug|Any CPU.Build.0 = Debug|Any CPU
		{945D69C2-95A8-470A-8D40-6B6D95D1808A}.Release|Any CPU.ActiveCfg = Release|Any CPU
		{945D69C2-95A8-470A-8D40-6B6D95D1808A}.Release|Any CPU.Build.0 = Release|Any CPU
		{6DAA7611-3B25-4876-A7D1-26EC6C9122B8}.Debug|Any CPU.ActiveCfg = Debug|Any CPU
		{6DAA7611-3B25-4876-A7D1-26EC6C9122B8}.Debug|Any CPU.Build.0 = Debug|Any CPU
		{6DAA7611-3B25-4876-A7D1-26EC6C9122B8}.Release|Any CPU.ActiveCfg = Release|Any CPU
		{6DAA7611-3B25-4876-A7D1-26EC6C9122B8}.Release|Any CPU.Build.0 = Release|Any CPU
	EndGlobalSection
	GlobalSection(SolutionProperties) = preSolution
		HideSolutionNode = FALSE
	EndGlobalSection
	GlobalSection(ExtensibilityGlobals) = postSolution
		SolutionGuid = {61049C7C-7EEF-466F-9BCF-216B3888B450}
	EndGlobalSection
EndGlobal
